// !$*UTF8*$!
{
	archiveVersion = 1;
	classes = {
	};
	objectVersion = 55;
	objects = {

/* Begin PBXBuildFile section */
		A279132D26E246BD000EC91F /* LeanCoffeeiOSApp.swift in Sources */ = {isa = PBXBuildFile; fileRef = A279132C26E246BD000EC91F /* LeanCoffeeiOSApp.swift */; };
		A279132F26E246BD000EC91F /* ContentView.swift in Sources */ = {isa = PBXBuildFile; fileRef = A279132E26E246BD000EC91F /* ContentView.swift */; };
		A279133126E246C0000EC91F /* Assets.xcassets in Resources */ = {isa = PBXBuildFile; fileRef = A279133026E246C0000EC91F /* Assets.xcassets */; };
		A279133426E246C0000EC91F /* Preview Assets.xcassets in Resources */ = {isa = PBXBuildFile; fileRef = A279133326E246C0000EC91F /* Preview Assets.xcassets */; };
		A279133E26E246C0000EC91F /* LeanCoffeeiOSTests.swift in Sources */ = {isa = PBXBuildFile; fileRef = A279133D26E246C0000EC91F /* LeanCoffeeiOSTests.swift */; };
		A279134826E246C1000EC91F /* LeanCoffeeiOSUITests.swift in Sources */ = {isa = PBXBuildFile; fileRef = A279134726E246C1000EC91F /* LeanCoffeeiOSUITests.swift */; };
		A279134A26E246C1000EC91F /* LeanCoffeeiOSUITestsLaunchTests.swift in Sources */ = {isa = PBXBuildFile; fileRef = A279134926E246C1000EC91F /* LeanCoffeeiOSUITestsLaunchTests.swift */; };
		A2E48FB427025DA60051F52C /* LeanCoffeeApp in Frameworks */ = {isa = PBXBuildFile; productRef = A2E48FB327025DA60051F52C /* LeanCoffeeApp */; };
		A2F64B3926E25C3600745C24 /* HTTPMethod.swift in Sources */ = {isa = PBXBuildFile; fileRef = A2F64B3826E25C3600745C24 /* HTTPMethod.swift */; };
		A2F64B3B26E25C8100745C24 /* HTTPClient.swift in Sources */ = {isa = PBXBuildFile; fileRef = A2F64B3A26E25C8000745C24 /* HTTPClient.swift */; };
		A2F9F8C226E407B800C95303 /* BoldButton.swift in Sources */ = {isa = PBXBuildFile; fileRef = A2F9F8C126E407B800C95303 /* BoldButton.swift */; };
/* End PBXBuildFile section */

/* Begin PBXContainerItemProxy section */
		A279133A26E246C0000EC91F /* PBXContainerItemProxy */ = {
			isa = PBXContainerItemProxy;
			containerPortal = A279132126E246BD000EC91F /* Project object */;
			proxyType = 1;
			remoteGlobalIDString = A279132826E246BD000EC91F;
			remoteInfo = LeanCoffeeiOS;
		};
		A279134426E246C1000EC91F /* PBXContainerItemProxy */ = {
			isa = PBXContainerItemProxy;
			containerPortal = A279132126E246BD000EC91F /* Project object */;
			proxyType = 1;
			remoteGlobalIDString = A279132826E246BD000EC91F;
			remoteInfo = LeanCoffeeiOS;
		};
/* End PBXContainerItemProxy section */

/* Begin PBXFileReference section */
		A279132926E246BD000EC91F /* LeanCoffeeiOS.app */ = {isa = PBXFileReference; explicitFileType = wrapper.application; includeInIndex = 0; path = LeanCoffeeiOS.app; sourceTree = BUILT_PRODUCTS_DIR; };
		A279132C26E246BD000EC91F /* LeanCoffeeiOSApp.swift */ = {isa = PBXFileReference; lastKnownFileType = sourcecode.swift; path = LeanCoffeeiOSApp.swift; sourceTree = "<group>"; };
		A279132E26E246BD000EC91F /* ContentView.swift */ = {isa = PBXFileReference; lastKnownFileType = sourcecode.swift; path = ContentView.swift; sourceTree = "<group>"; };
		A279133026E246C0000EC91F /* Assets.xcassets */ = {isa = PBXFileReference; lastKnownFileType = folder.assetcatalog; path = Assets.xcassets; sourceTree = "<group>"; };
		A279133326E246C0000EC91F /* Preview Assets.xcassets */ = {isa = PBXFileReference; lastKnownFileType = folder.assetcatalog; path = "Preview Assets.xcassets"; sourceTree = "<group>"; };
		A279133926E246C0000EC91F /* LeanCoffeeiOSTests.xctest */ = {isa = PBXFileReference; explicitFileType = wrapper.cfbundle; includeInIndex = 0; path = LeanCoffeeiOSTests.xctest; sourceTree = BUILT_PRODUCTS_DIR; };
		A279133D26E246C0000EC91F /* LeanCoffeeiOSTests.swift */ = {isa = PBXFileReference; lastKnownFileType = sourcecode.swift; path = LeanCoffeeiOSTests.swift; sourceTree = "<group>"; };
		A279134326E246C1000EC91F /* LeanCoffeeiOSUITests.xctest */ = {isa = PBXFileReference; explicitFileType = wrapper.cfbundle; includeInIndex = 0; path = LeanCoffeeiOSUITests.xctest; sourceTree = BUILT_PRODUCTS_DIR; };
		A279134726E246C1000EC91F /* LeanCoffeeiOSUITests.swift */ = {isa = PBXFileReference; lastKnownFileType = sourcecode.swift; path = LeanCoffeeiOSUITests.swift; sourceTree = "<group>"; };
		A279134926E246C1000EC91F /* LeanCoffeeiOSUITestsLaunchTests.swift */ = {isa = PBXFileReference; lastKnownFileType = sourcecode.swift; path = LeanCoffeeiOSUITestsLaunchTests.swift; sourceTree = "<group>"; };
		A2F64B3826E25C3600745C24 /* HTTPMethod.swift */ = {isa = PBXFileReference; lastKnownFileType = sourcecode.swift; path = HTTPMethod.swift; sourceTree = "<group>"; };
		A2F64B3A26E25C8000745C24 /* HTTPClient.swift */ = {isa = PBXFileReference; lastKnownFileType = sourcecode.swift; path = HTTPClient.swift; sourceTree = "<group>"; };
		A2F9F8C126E407B800C95303 /* BoldButton.swift */ = {isa = PBXFileReference; lastKnownFileType = sourcecode.swift; path = BoldButton.swift; sourceTree = "<group>"; };
/* End PBXFileReference section */

/* Begin PBXFrameworksBuildPhase section */
		A279132626E246BD000EC91F /* Frameworks */ = {
			isa = PBXFrameworksBuildPhase;
			buildActionMask = 2147483647;
			files = (
				A2E48FB427025DA60051F52C /* LeanCoffeeApp in Frameworks */,
			);
			runOnlyForDeploymentPostprocessing = 0;
		};
		A279133626E246C0000EC91F /* Frameworks */ = {
			isa = PBXFrameworksBuildPhase;
			buildActionMask = 2147483647;
			files = (
			);
			runOnlyForDeploymentPostprocessing = 0;
		};
		A279134026E246C1000EC91F /* Frameworks */ = {
			isa = PBXFrameworksBuildPhase;
			buildActionMask = 2147483647;
			files = (
			);
			runOnlyForDeploymentPostprocessing = 0;
		};
/* End PBXFrameworksBuildPhase section */

/* Begin PBXGroup section */
		A279132026E246BD000EC91F = {
			isa = PBXGroup;
			children = (
				A279132B26E246BD000EC91F /* LeanCoffeeiOS */,
				A279133C26E246C0000EC91F /* LeanCoffeeiOSTests */,
				A279134626E246C1000EC91F /* LeanCoffeeiOSUITests */,
				A279132A26E246BD000EC91F /* Products */,
			);
			sourceTree = "<group>";
		};
		A279132A26E246BD000EC91F /* Products */ = {
			isa = PBXGroup;
			children = (
				A279132926E246BD000EC91F /* LeanCoffeeiOS.app */,
				A279133926E246C0000EC91F /* LeanCoffeeiOSTests.xctest */,
				A279134326E246C1000EC91F /* LeanCoffeeiOSUITests.xctest */,
			);
			name = Products;
			sourceTree = "<group>";
		};
		A279132B26E246BD000EC91F /* LeanCoffeeiOS */ = {
			isa = PBXGroup;
			children = (
				A279133026E246C0000EC91F /* Assets.xcassets */,
				A2F64B3726E25C2700745C24 /* HTTPClient */,
				A279132C26E246BD000EC91F /* LeanCoffeeiOSApp.swift */,
				A279133226E246C0000EC91F /* Preview Content */,
				A2F64B3C26E2633F00745C24 /* Views */,
			);
			path = LeanCoffeeiOS;
			sourceTree = "<group>";
		};
		A279133226E246C0000EC91F /* Preview Content */ = {
			isa = PBXGroup;
			children = (
				A279133326E246C0000EC91F /* Preview Assets.xcassets */,
			);
			path = "Preview Content";
			sourceTree = "<group>";
		};
		A279133C26E246C0000EC91F /* LeanCoffeeiOSTests */ = {
			isa = PBXGroup;
			children = (
				A279133D26E246C0000EC91F /* LeanCoffeeiOSTests.swift */,
			);
			path = LeanCoffeeiOSTests;
			sourceTree = "<group>";
		};
		A279134626E246C1000EC91F /* LeanCoffeeiOSUITests */ = {
			isa = PBXGroup;
			children = (
				A279134726E246C1000EC91F /* LeanCoffeeiOSUITests.swift */,
				A279134926E246C1000EC91F /* LeanCoffeeiOSUITestsLaunchTests.swift */,
			);
			path = LeanCoffeeiOSUITests;
			sourceTree = "<group>";
		};
		A2F64B3726E25C2700745C24 /* HTTPClient */ = {
			isa = PBXGroup;
			children = (
				A2F64B3A26E25C8000745C24 /* HTTPClient.swift */,
				A2F64B3826E25C3600745C24 /* HTTPMethod.swift */,
			);
			path = HTTPClient;
			sourceTree = "<group>";
		};
		A2F64B3C26E2633F00745C24 /* Views */ = {
			isa = PBXGroup;
			children = (
				A279132E26E246BD000EC91F /* ContentView.swift */,
				A2F9F8C326E40D7600C95303 /* Generic Views */,
			);
			path = Views;
			sourceTree = "<group>";
		};
		A2F9F8C326E40D7600C95303 /* Generic Views */ = {
			isa = PBXGroup;
			children = (
				A2F9F8C126E407B800C95303 /* BoldButton.swift */,
			);
			path = "Generic Views";
			sourceTree = "<group>";
		};
/* End PBXGroup section */

/* Begin PBXNativeTarget section */
		A279132826E246BD000EC91F /* LeanCoffeeiOS */ = {
			isa = PBXNativeTarget;
			buildConfigurationList = A279134D26E246C1000EC91F /* Build configuration list for PBXNativeTarget "LeanCoffeeiOS" */;
			buildPhases = (
				A279132526E246BD000EC91F /* Sources */,
				A279132626E246BD000EC91F /* Frameworks */,
				A279132726E246BD000EC91F /* Resources */,
			);
			buildRules = (
			);
			dependencies = (
			);
			name = LeanCoffeeiOS;
			packageProductDependencies = (
				A2E48FB327025DA60051F52C /* LeanCoffeeApp */,
			);
			productName = LeanCoffeeiOS;
			productReference = A279132926E246BD000EC91F /* LeanCoffeeiOS.app */;
			productType = "com.apple.product-type.application";
		};
		A279133826E246C0000EC91F /* LeanCoffeeiOSTests */ = {
			isa = PBXNativeTarget;
			buildConfigurationList = A279135026E246C1000EC91F /* Build configuration list for PBXNativeTarget "LeanCoffeeiOSTests" */;
			buildPhases = (
				A279133526E246C0000EC91F /* Sources */,
				A279133626E246C0000EC91F /* Frameworks */,
				A279133726E246C0000EC91F /* Resources */,
			);
			buildRules = (
			);
			dependencies = (
				A279133B26E246C0000EC91F /* PBXTargetDependency */,
			);
			name = LeanCoffeeiOSTests;
			productName = LeanCoffeeiOSTests;
			productReference = A279133926E246C0000EC91F /* LeanCoffeeiOSTests.xctest */;
			productType = "com.apple.product-type.bundle.unit-test";
		};
		A279134226E246C1000EC91F /* LeanCoffeeiOSUITests */ = {
			isa = PBXNativeTarget;
			buildConfigurationList = A279135326E246C1000EC91F /* Build configuration list for PBXNativeTarget "LeanCoffeeiOSUITests" */;
			buildPhases = (
				A279133F26E246C1000EC91F /* Sources */,
				A279134026E246C1000EC91F /* Frameworks */,
				A279134126E246C1000EC91F /* Resources */,
			);
			buildRules = (
			);
			dependencies = (
				A279134526E246C1000EC91F /* PBXTargetDependency */,
			);
			name = LeanCoffeeiOSUITests;
			productName = LeanCoffeeiOSUITests;
			productReference = A279134326E246C1000EC91F /* LeanCoffeeiOSUITests.xctest */;
			productType = "com.apple.product-type.bundle.ui-testing";
		};
/* End PBXNativeTarget section */

/* Begin PBXProject section */
		A279132126E246BD000EC91F /* Project object */ = {
			isa = PBXProject;
			attributes = {
				BuildIndependentTargetsInParallel = 1;
				LastSwiftUpdateCheck = 1300;
				LastUpgradeCheck = 1300;
				TargetAttributes = {
					A279132826E246BD000EC91F = {
						CreatedOnToolsVersion = 13.0;
					};
					A279133826E246C0000EC91F = {
						CreatedOnToolsVersion = 13.0;
						TestTargetID = A279132826E246BD000EC91F;
					};
					A279134226E246C1000EC91F = {
						CreatedOnToolsVersion = 13.0;
						TestTargetID = A279132826E246BD000EC91F;
					};
				};
			};
			buildConfigurationList = A279132426E246BD000EC91F /* Build configuration list for PBXProject "LeanCoffeeiOS" */;
			compatibilityVersion = "Xcode 13.0";
			developmentRegion = en;
			hasScannedForEncodings = 0;
			knownRegions = (
				en,
				Base,
			);
			mainGroup = A279132026E246BD000EC91F;
			packageReferences = (
				A2E48FB227025DA60051F52C /* XCRemoteSwiftPackageReference "LeanCoffee_native_swift_docc" */,
			);
			productRefGroup = A279132A26E246BD000EC91F /* Products */;
			projectDirPath = "";
			projectRoot = "";
			targets = (
				A279132826E246BD000EC91F /* LeanCoffeeiOS */,
				A279133826E246C0000EC91F /* LeanCoffeeiOSTests */,
				A279134226E246C1000EC91F /* LeanCoffeeiOSUITests */,
			);
		};
/* End PBXProject section */

/* Begin PBXResourcesBuildPhase section */
		A279132726E246BD000EC91F /* Resources */ = {
			isa = PBXResourcesBuildPhase;
			buildActionMask = 2147483647;
			files = (
				A279133426E246C0000EC91F /* Preview Assets.xcassets in Resources */,
				A279133126E246C0000EC91F /* Assets.xcassets in Resources */,
			);
			runOnlyForDeploymentPostprocessing = 0;
		};
		A279133726E246C0000EC91F /* Resources */ = {
			isa = PBXResourcesBuildPhase;
			buildActionMask = 2147483647;
			files = (
			);
			runOnlyForDeploymentPostprocessing = 0;
		};
		A279134126E246C1000EC91F /* Resources */ = {
			isa = PBXResourcesBuildPhase;
			buildActionMask = 2147483647;
			files = (
			);
			runOnlyForDeploymentPostprocessing = 0;
		};
/* End PBXResourcesBuildPhase section */

/* Begin PBXSourcesBuildPhase section */
		A279132526E246BD000EC91F /* Sources */ = {
			isa = PBXSourcesBuildPhase;
			buildActionMask = 2147483647;
			files = (
				A2F64B3926E25C3600745C24 /* HTTPMethod.swift in Sources */,
				A2F64B3B26E25C8100745C24 /* HTTPClient.swift in Sources */,
				A2F9F8C226E407B800C95303 /* BoldButton.swift in Sources */,
				A279132F26E246BD000EC91F /* ContentView.swift in Sources */,
				A279132D26E246BD000EC91F /* LeanCoffeeiOSApp.swift in Sources */,
			);
			runOnlyForDeploymentPostprocessing = 0;
		};
		A279133526E246C0000EC91F /* Sources */ = {
			isa = PBXSourcesBuildPhase;
			buildActionMask = 2147483647;
			files = (
				A279133E26E246C0000EC91F /* LeanCoffeeiOSTests.swift in Sources */,
			);
			runOnlyForDeploymentPostprocessing = 0;
		};
		A279133F26E246C1000EC91F /* Sources */ = {
			isa = PBXSourcesBuildPhase;
			buildActionMask = 2147483647;
			files = (
				A279134A26E246C1000EC91F /* LeanCoffeeiOSUITestsLaunchTests.swift in Sources */,
				A279134826E246C1000EC91F /* LeanCoffeeiOSUITests.swift in Sources */,
			);
			runOnlyForDeploymentPostprocessing = 0;
		};
/* End PBXSourcesBuildPhase section */

/* Begin PBXTargetDependency section */
		A279133B26E246C0000EC91F /* PBXTargetDependency */ = {
			isa = PBXTargetDependency;
			target = A279132826E246BD000EC91F /* LeanCoffeeiOS */;
			targetProxy = A279133A26E246C0000EC91F /* PBXContainerItemProxy */;
		};
		A279134526E246C1000EC91F /* PBXTargetDependency */ = {
			isa = PBXTargetDependency;
			target = A279132826E246BD000EC91F /* LeanCoffeeiOS */;
			targetProxy = A279134426E246C1000EC91F /* PBXContainerItemProxy */;
		};
/* End PBXTargetDependency section */

/* Begin XCBuildConfiguration section */
		A279134B26E246C1000EC91F /* Debug */ = {
			isa = XCBuildConfiguration;
			buildSettings = {
				ALWAYS_SEARCH_USER_PATHS = NO;
				CLANG_ANALYZER_NONNULL = YES;
				CLANG_ANALYZER_NUMBER_OBJECT_CONVERSION = YES_AGGRESSIVE;
				CLANG_CXX_LANGUAGE_STANDARD = "gnu++17";
				CLANG_CXX_LIBRARY = "libc++";
				CLANG_ENABLE_MODULES = YES;
				CLANG_ENABLE_OBJC_ARC = YES;
				CLANG_ENABLE_OBJC_WEAK = YES;
				CLANG_WARN_BLOCK_CAPTURE_AUTORELEASING = YES;
				CLANG_WARN_BOOL_CONVERSION = YES;
				CLANG_WARN_COMMA = YES;
				CLANG_WARN_CONSTANT_CONVERSION = YES;
				CLANG_WARN_DEPRECATED_OBJC_IMPLEMENTATIONS = YES;
				CLANG_WARN_DIRECT_OBJC_ISA_USAGE = YES_ERROR;
				CLANG_WARN_DOCUMENTATION_COMMENTS = YES;
				CLANG_WARN_EMPTY_BODY = YES;
				CLANG_WARN_ENUM_CONVERSION = YES;
				CLANG_WARN_INFINITE_RECURSION = YES;
				CLANG_WARN_INT_CONVERSION = YES;
				CLANG_WARN_NON_LITERAL_NULL_CONVERSION = YES;
				CLANG_WARN_OBJC_IMPLICIT_RETAIN_SELF = YES;
				CLANG_WARN_OBJC_LITERAL_CONVERSION = YES;
				CLANG_WARN_OBJC_ROOT_CLASS = YES_ERROR;
				CLANG_WARN_QUOTED_INCLUDE_IN_FRAMEWORK_HEADER = YES;
				CLANG_WARN_RANGE_LOOP_ANALYSIS = YES;
				CLANG_WARN_STRICT_PROTOTYPES = YES;
				CLANG_WARN_SUSPICIOUS_MOVE = YES;
				CLANG_WARN_UNGUARDED_AVAILABILITY = YES_AGGRESSIVE;
				CLANG_WARN_UNREACHABLE_CODE = YES;
				CLANG_WARN__DUPLICATE_METHOD_MATCH = YES;
				COPY_PHASE_STRIP = NO;
				DEBUG_INFORMATION_FORMAT = dwarf;
				ENABLE_STRICT_OBJC_MSGSEND = YES;
				ENABLE_TESTABILITY = YES;
				GCC_C_LANGUAGE_STANDARD = gnu11;
				GCC_DYNAMIC_NO_PIC = NO;
				GCC_NO_COMMON_BLOCKS = YES;
				GCC_OPTIMIZATION_LEVEL = 0;
				GCC_PREPROCESSOR_DEFINITIONS = (
					"DEBUG=1",
					"$(inherited)",
				);
				GCC_WARN_64_TO_32_BIT_CONVERSION = YES;
				GCC_WARN_ABOUT_RETURN_TYPE = YES_ERROR;
				GCC_WARN_UNDECLARED_SELECTOR = YES;
				GCC_WARN_UNINITIALIZED_AUTOS = YES_AGGRESSIVE;
				GCC_WARN_UNUSED_FUNCTION = YES;
				GCC_WARN_UNUSED_VARIABLE = YES;
				IPHONEOS_DEPLOYMENT_TARGET = 15.0;
				MTL_ENABLE_DEBUG_INFO = INCLUDE_SOURCE;
				MTL_FAST_MATH = YES;
				ONLY_ACTIVE_ARCH = YES;
				SDKROOT = iphoneos;
				SWIFT_ACTIVE_COMPILATION_CONDITIONS = DEBUG;
				SWIFT_OPTIMIZATION_LEVEL = "-Onone";
			};
			name = Debug;
		};
		A279134C26E246C1000EC91F /* Release */ = {
			isa = XCBuildConfiguration;
			buildSettings = {
				ALWAYS_SEARCH_USER_PATHS = NO;
				CLANG_ANALYZER_NONNULL = YES;
				CLANG_ANALYZER_NUMBER_OBJECT_CONVERSION = YES_AGGRESSIVE;
				CLANG_CXX_LANGUAGE_STANDARD = "gnu++17";
				CLANG_CXX_LIBRARY = "libc++";
				CLANG_ENABLE_MODULES = YES;
				CLANG_ENABLE_OBJC_ARC = YES;
				CLANG_ENABLE_OBJC_WEAK = YES;
				CLANG_WARN_BLOCK_CAPTURE_AUTORELEASING = YES;
				CLANG_WARN_BOOL_CONVERSION = YES;
				CLANG_WARN_COMMA = YES;
				CLANG_WARN_CONSTANT_CONVERSION = YES;
				CLANG_WARN_DEPRECATED_OBJC_IMPLEMENTATIONS = YES;
				CLANG_WARN_DIRECT_OBJC_ISA_USAGE = YES_ERROR;
				CLANG_WARN_DOCUMENTATION_COMMENTS = YES;
				CLANG_WARN_EMPTY_BODY = YES;
				CLANG_WARN_ENUM_CONVERSION = YES;
				CLANG_WARN_INFINITE_RECURSION = YES;
				CLANG_WARN_INT_CONVERSION = YES;
				CLANG_WARN_NON_LITERAL_NULL_CONVERSION = YES;
				CLANG_WARN_OBJC_IMPLICIT_RETAIN_SELF = YES;
				CLANG_WARN_OBJC_LITERAL_CONVERSION = YES;
				CLANG_WARN_OBJC_ROOT_CLASS = YES_ERROR;
				CLANG_WARN_QUOTED_INCLUDE_IN_FRAMEWORK_HEADER = YES;
				CLANG_WARN_RANGE_LOOP_ANALYSIS = YES;
				CLANG_WARN_STRICT_PROTOTYPES = YES;
				CLANG_WARN_SUSPICIOUS_MOVE = YES;
				CLANG_WARN_UNGUARDED_AVAILABILITY = YES_AGGRESSIVE;
				CLANG_WARN_UNREACHABLE_CODE = YES;
				CLANG_WARN__DUPLICATE_METHOD_MATCH = YES;
				COPY_PHASE_STRIP = NO;
				DEBUG_INFORMATION_FORMAT = "dwarf-with-dsym";
				ENABLE_NS_ASSERTIONS = NO;
				ENABLE_STRICT_OBJC_MSGSEND = YES;
				GCC_C_LANGUAGE_STANDARD = gnu11;
				GCC_NO_COMMON_BLOCKS = YES;
				GCC_WARN_64_TO_32_BIT_CONVERSION = YES;
				GCC_WARN_ABOUT_RETURN_TYPE = YES_ERROR;
				GCC_WARN_UNDECLARED_SELECTOR = YES;
				GCC_WARN_UNINITIALIZED_AUTOS = YES_AGGRESSIVE;
				GCC_WARN_UNUSED_FUNCTION = YES;
				GCC_WARN_UNUSED_VARIABLE = YES;
				IPHONEOS_DEPLOYMENT_TARGET = 15.0;
				MTL_ENABLE_DEBUG_INFO = NO;
				MTL_FAST_MATH = YES;
				SDKROOT = iphoneos;
				SWIFT_COMPILATION_MODE = wholemodule;
				SWIFT_OPTIMIZATION_LEVEL = "-O";
				VALIDATE_PRODUCT = YES;
			};
			name = Release;
		};
		A279134E26E246C1000EC91F /* Debug */ = {
			isa = XCBuildConfiguration;
			buildSettings = {
				ASSETCATALOG_COMPILER_APPICON_NAME = AppIcon;
				ASSETCATALOG_COMPILER_GLOBAL_ACCENT_COLOR_NAME = AccentColor;
				CODE_SIGN_STYLE = Automatic;
				CURRENT_PROJECT_VERSION = 1;
				DEVELOPMENT_ASSET_PATHS = "\"LeanCoffeeiOS/Preview Content\"";
				DEVELOPMENT_TEAM = T88LXU5DBG;
				ENABLE_PREVIEWS = YES;
				GENERATE_INFOPLIST_FILE = YES;
				INFOPLIST_KEY_UIApplicationSceneManifest_Generation = YES;
				INFOPLIST_KEY_UIApplicationSupportsIndirectInputEvents = YES;
				INFOPLIST_KEY_UILaunchScreen_Generation = YES;
				INFOPLIST_KEY_UISupportedInterfaceOrientations_iPad = "UIInterfaceOrientationPortrait UIInterfaceOrientationPortraitUpsideDown UIInterfaceOrientationLandscapeLeft UIInterfaceOrientationLandscapeRight";
				INFOPLIST_KEY_UISupportedInterfaceOrientations_iPhone = "UIInterfaceOrientationPortrait UIInterfaceOrientationLandscapeLeft UIInterfaceOrientationLandscapeRight";
				IPHONEOS_DEPLOYMENT_TARGET = 15.0;
				LD_RUNPATH_SEARCH_PATHS = (
					"$(inherited)",
					"@executable_path/Frameworks",
				);
				MARKETING_VERSION = 1.0;
				PRODUCT_BUNDLE_IDENTIFIER = com.jacob.rakidzich.LeanCoffeeiOS;
				PRODUCT_NAME = "$(TARGET_NAME)";
				SWIFT_EMIT_LOC_STRINGS = YES;
				SWIFT_VERSION = 5.0;
				TARGETED_DEVICE_FAMILY = "1,2";
			};
			name = Debug;
		};
		A279134F26E246C1000EC91F /* Release */ = {
			isa = XCBuildConfiguration;
			buildSettings = {
				ASSETCATALOG_COMPILER_APPICON_NAME = AppIcon;
				ASSETCATALOG_COMPILER_GLOBAL_ACCENT_COLOR_NAME = AccentColor;
				CODE_SIGN_STYLE = Automatic;
				CURRENT_PROJECT_VERSION = 1;
				DEVELOPMENT_ASSET_PATHS = "\"LeanCoffeeiOS/Preview Content\"";
				DEVELOPMENT_TEAM = T88LXU5DBG;
				ENABLE_PREVIEWS = YES;
				GENERATE_INFOPLIST_FILE = YES;
				INFOPLIST_KEY_UIApplicationSceneManifest_Generation = YES;
				INFOPLIST_KEY_UIApplicationSupportsIndirectInputEvents = YES;
				INFOPLIST_KEY_UILaunchScreen_Generation = YES;
				INFOPLIST_KEY_UISupportedInterfaceOrientations_iPad = "UIInterfaceOrientationPortrait UIInterfaceOrientationPortraitUpsideDown UIInterfaceOrientationLandscapeLeft UIInterfaceOrientationLandscapeRight";
				INFOPLIST_KEY_UISupportedInterfaceOrientations_iPhone = "UIInterfaceOrientationPortrait UIInterfaceOrientationLandscapeLeft UIInterfaceOrientationLandscapeRight";
				IPHONEOS_DEPLOYMENT_TARGET = 15.0;
				LD_RUNPATH_SEARCH_PATHS = (
					"$(inherited)",
					"@executable_path/Frameworks",
				);
				MARKETING_VERSION = 1.0;
				PRODUCT_BUNDLE_IDENTIFIER = com.jacob.rakidzich.LeanCoffeeiOS;
				PRODUCT_NAME = "$(TARGET_NAME)";
				SWIFT_EMIT_LOC_STRINGS = YES;
				SWIFT_VERSION = 5.0;
				TARGETED_DEVICE_FAMILY = "1,2";
			};
			name = Release;
		};
		A279135126E246C1000EC91F /* Debug */ = {
			isa = XCBuildConfiguration;
			buildSettings = {
				ALWAYS_EMBED_SWIFT_STANDARD_LIBRARIES = YES;
				BUNDLE_LOADER = "$(TEST_HOST)";
				CODE_SIGN_STYLE = Automatic;
				CURRENT_PROJECT_VERSION = 1;
				DEVELOPMENT_TEAM = T88LXU5DBG;
				GENERATE_INFOPLIST_FILE = YES;
				IPHONEOS_DEPLOYMENT_TARGET = 15.0;
				LD_RUNPATH_SEARCH_PATHS = (
					"$(inherited)",
					"@executable_path/Frameworks",
					"@loader_path/Frameworks",
				);
				MARKETING_VERSION = 1.0;
				PRODUCT_BUNDLE_IDENTIFIER = com.lampogroup.LeanCoffeeiOSTests;
				PRODUCT_NAME = "$(TARGET_NAME)";
				SWIFT_EMIT_LOC_STRINGS = NO;
				SWIFT_VERSION = 5.0;
				TARGETED_DEVICE_FAMILY = "1,2";
				TEST_HOST = "$(BUILT_PRODUCTS_DIR)/LeanCoffeeiOS.app/LeanCoffeeiOS";
			};
			name = Debug;
		};
		A279135226E246C1000EC91F /* Release */ = {
			isa = XCBuildConfiguration;
			buildSettings = {
				ALWAYS_EMBED_SWIFT_STANDARD_LIBRARIES = YES;
				BUNDLE_LOADER = "$(TEST_HOST)";
				CODE_SIGN_STYLE = Automatic;
				CURRENT_PROJECT_VERSION = 1;
				DEVELOPMENT_TEAM = T88LXU5DBG;
				GENERATE_INFOPLIST_FILE = YES;
				IPHONEOS_DEPLOYMENT_TARGET = 15.0;
				LD_RUNPATH_SEARCH_PATHS = (
					"$(inherited)",
					"@executable_path/Frameworks",
					"@loader_path/Frameworks",
				);
				MARKETING_VERSION = 1.0;
				PRODUCT_BUNDLE_IDENTIFIER = com.lampogroup.LeanCoffeeiOSTests;
				PRODUCT_NAME = "$(TARGET_NAME)";
				SWIFT_EMIT_LOC_STRINGS = NO;
				SWIFT_VERSION = 5.0;
				TARGETED_DEVICE_FAMILY = "1,2";
				TEST_HOST = "$(BUILT_PRODUCTS_DIR)/LeanCoffeeiOS.app/LeanCoffeeiOS";
			};
			name = Release;
		};
		A279135426E246C1000EC91F /* Debug */ = {
			isa = XCBuildConfiguration;
			buildSettings = {
				ALWAYS_EMBED_SWIFT_STANDARD_LIBRARIES = YES;
				CODE_SIGN_STYLE = Automatic;
				CURRENT_PROJECT_VERSION = 1;
				DEVELOPMENT_TEAM = T88LXU5DBG;
				GENERATE_INFOPLIST_FILE = YES;
				LD_RUNPATH_SEARCH_PATHS = (
					"$(inherited)",
					"@executable_path/Frameworks",
					"@loader_path/Frameworks",
				);
				MARKETING_VERSION = 1.0;
				PRODUCT_BUNDLE_IDENTIFIER = com.lampogroup.LeanCoffeeiOSUITests;
				PRODUCT_NAME = "$(TARGET_NAME)";
				SWIFT_EMIT_LOC_STRINGS = NO;
				SWIFT_VERSION = 5.0;
				TARGETED_DEVICE_FAMILY = "1,2";
				TEST_TARGET_NAME = LeanCoffeeiOS;
			};
			name = Debug;
		};
		A279135526E246C1000EC91F /* Release */ = {
			isa = XCBuildConfiguration;
			buildSettings = {
				ALWAYS_EMBED_SWIFT_STANDARD_LIBRARIES = YES;
				CODE_SIGN_STYLE = Automatic;
				CURRENT_PROJECT_VERSION = 1;
				DEVELOPMENT_TEAM = T88LXU5DBG;
				GENERATE_INFOPLIST_FILE = YES;
				LD_RUNPATH_SEARCH_PATHS = (
					"$(inherited)",
					"@executable_path/Frameworks",
					"@loader_path/Frameworks",
				);
				MARKETING_VERSION = 1.0;
				PRODUCT_BUNDLE_IDENTIFIER = com.lampogroup.LeanCoffeeiOSUITests;
				PRODUCT_NAME = "$(TARGET_NAME)";
				SWIFT_EMIT_LOC_STRINGS = NO;
				SWIFT_VERSION = 5.0;
				TARGETED_DEVICE_FAMILY = "1,2";
				TEST_TARGET_NAME = LeanCoffeeiOS;
			};
			name = Release;
		};
/* End XCBuildConfiguration section */

/* Begin XCConfigurationList section */
		A279132426E246BD000EC91F /* Build configuration list for PBXProject "LeanCoffeeiOS" */ = {
			isa = XCConfigurationList;
			buildConfigurations = (
				A279134B26E246C1000EC91F /* Debug */,
				A279134C26E246C1000EC91F /* Release */,
			);
			defaultConfigurationIsVisible = 0;
			defaultConfigurationName = Release;
		};
		A279134D26E246C1000EC91F /* Build configuration list for PBXNativeTarget "LeanCoffeeiOS" */ = {
			isa = XCConfigurationList;
			buildConfigurations = (
				A279134E26E246C1000EC91F /* Debug */,
				A279134F26E246C1000EC91F /* Release */,
			);
			defaultConfigurationIsVisible = 0;
			defaultConfigurationName = Release;
		};
		A279135026E246C1000EC91F /* Build configuration list for PBXNativeTarget "LeanCoffeeiOSTests" */ = {
			isa = XCConfigurationList;
			buildConfigurations = (
				A279135126E246C1000EC91F /* Debug */,
				A279135226E246C1000EC91F /* Release */,
			);
			defaultConfigurationIsVisible = 0;
			defaultConfigurationName = Release;
		};
		A279135326E246C1000EC91F /* Build configuration list for PBXNativeTarget "LeanCoffeeiOSUITests" */ = {
			isa = XCConfigurationList;
			buildConfigurations = (
				A279135426E246C1000EC91F /* Debug */,
				A279135526E246C1000EC91F /* Release */,
			);
			defaultConfigurationIsVisible = 0;
			defaultConfigurationName = Release;
		};
/* End XCConfigurationList section */

/* Begin XCRemoteSwiftPackageReference section */
		A2E48FB227025DA60051F52C /* XCRemoteSwiftPackageReference "LeanCoffee_native_swift_docc" */ = {
			isa = XCRemoteSwiftPackageReference;
			repositoryURL = "https://github.com/JZDesign/LeanCoffee_native_swift_docc.git";
			requirement = {
				branch = main;
				kind = branch;
			};
		};
/* End XCRemoteSwiftPackageReference section */

/* Begin XCSwiftPackageProductDependency section */
		A2E48FB327025DA60051F52C /* LeanCoffeeApp */ = {
			isa = XCSwiftPackageProductDependency;
			package = A2E48FB227025DA60051F52C /* XCRemoteSwiftPackageReference "LeanCoffee_native_swift_docc" */;
			productName = LeanCoffeeApp;
		};
/* End XCSwiftPackageProductDependency section */
	};
	rootObject = A279132126E246BD000EC91F /* Project object */;
}
